// !$*UTF8*$!
{
	archiveVersion = 1;
	classes = {
	};
	objectVersion = 56;
	objects = {

/* Begin PBXBuildFile section */
		C973CF0F2BF728A300161E47 /* CanvasImageView.swift in Sources */ = {isa = PBXBuildFile; fileRef = C973CF0E2BF728A300161E47 /* CanvasImageView.swift */; };
		C98EFEDB2BD88207008E17E8 /* Assets.xcassets in Resources */ = {isa = PBXBuildFile; fileRef = C98EFEDA2BD88207008E17E8 /* Assets.xcassets */; };
		C98EFEDE2BD88207008E17E8 /* Preview Assets.xcassets in Resources */ = {isa = PBXBuildFile; fileRef = C98EFEDD2BD88207008E17E8 /* Preview Assets.xcassets */; };
		C98EFEFA2BD883BC008E17E8 /* Helpers.swift in Sources */ = {isa = PBXBuildFile; fileRef = C98EFEF72BD883BB008E17E8 /* Helpers.swift */; };
		C98EFEFB2BD883BC008E17E8 /* Main.swift in Sources */ = {isa = PBXBuildFile; fileRef = C98EFEF82BD883BB008E17E8 /* Main.swift */; };
		C9D32BC52BD8862C00E5C2A9 /* AppData.swift in Sources */ = {isa = PBXBuildFile; fileRef = C9D32BC22BD8862C00E5C2A9 /* AppData.swift */; };
		C9D32BC62BD8862C00E5C2A9 /* ViewData.swift in Sources */ = {isa = PBXBuildFile; fileRef = C9D32BC32BD8862C00E5C2A9 /* ViewData.swift */; };
		C9D32BC92BD8863100E5C2A9 /* ViewDataController.swift in Sources */ = {isa = PBXBuildFile; fileRef = C9D32BC72BD8863100E5C2A9 /* ViewDataController.swift */; };
		C9D32BD02BD8863500E5C2A9 /* CanvasView.swift in Sources */ = {isa = PBXBuildFile; fileRef = C9D32BCA2BD8863500E5C2A9 /* CanvasView.swift */; };
		C9D32BD12BD8863500E5C2A9 /* MainView.swift in Sources */ = {isa = PBXBuildFile; fileRef = C9D32BCB2BD8863500E5C2A9 /* MainView.swift */; };
		C9D32BD22BD8863500E5C2A9 /* MenuButtonsView.swift in Sources */ = {isa = PBXBuildFile; fileRef = C9D32BCC2BD8863500E5C2A9 /* MenuButtonsView.swift */; };
		C9D32BD42BD8863500E5C2A9 /* TopButtonView.swift in Sources */ = {isa = PBXBuildFile; fileRef = C9D32BCE2BD8863500E5C2A9 /* TopButtonView.swift */; };
/* End PBXBuildFile section */

/* Begin PBXFileReference section */
		C973CF0E2BF728A300161E47 /* CanvasImageView.swift */ = {isa = PBXFileReference; fileEncoding = 4; lastKnownFileType = sourcecode.swift; path = CanvasImageView.swift; sourceTree = "<group>"; };
		C98EFED12BD88205008E17E8 /* Note.app */ = {isa = PBXFileReference; explicitFileType = wrapper.application; includeInIndex = 0; path = Note.app; sourceTree = BUILT_PRODUCTS_DIR; };
		C98EFEDA2BD88207008E17E8 /* Assets.xcassets */ = {isa = PBXFileReference; lastKnownFileType = folder.assetcatalog; path = Assets.xcassets; sourceTree = "<group>"; };
		C98EFEDD2BD88207008E17E8 /* Preview Assets.xcassets */ = {isa = PBXFileReference; lastKnownFileType = folder.assetcatalog; path = "Preview Assets.xcassets"; sourceTree = "<group>"; };
		C98EFEF72BD883BB008E17E8 /* Helpers.swift */ = {isa = PBXFileReference; fileEncoding = 4; lastKnownFileType = sourcecode.swift; path = Helpers.swift; sourceTree = "<group>"; };
		C98EFEF82BD883BB008E17E8 /* Main.swift */ = {isa = PBXFileReference; fileEncoding = 4; lastKnownFileType = sourcecode.swift; path = Main.swift; sourceTree = "<group>"; };
		C9D32BC22BD8862C00E5C2A9 /* AppData.swift */ = {isa = PBXFileReference; fileEncoding = 4; lastKnownFileType = sourcecode.swift; path = AppData.swift; sourceTree = "<group>"; };
		C9D32BC32BD8862C00E5C2A9 /* ViewData.swift */ = {isa = PBXFileReference; fileEncoding = 4; lastKnownFileType = sourcecode.swift; path = ViewData.swift; sourceTree = "<group>"; };
		C9D32BC72BD8863100E5C2A9 /* ViewDataController.swift */ = {isa = PBXFileReference; fileEncoding = 4; lastKnownFileType = sourcecode.swift; path = ViewDataController.swift; sourceTree = "<group>"; };
		C9D32BCA2BD8863500E5C2A9 /* CanvasView.swift */ = {isa = PBXFileReference; fileEncoding = 4; lastKnownFileType = sourcecode.swift; path = CanvasView.swift; sourceTree = "<group>"; };
		C9D32BCB2BD8863500E5C2A9 /* MainView.swift */ = {isa = PBXFileReference; fileEncoding = 4; lastKnownFileType = sourcecode.swift; path = MainView.swift; sourceTree = "<group>"; };
		C9D32BCC2BD8863500E5C2A9 /* MenuButtonsView.swift */ = {isa = PBXFileReference; fileEncoding = 4; lastKnownFileType = sourcecode.swift; path = MenuButtonsView.swift; sourceTree = "<group>"; };
		C9D32BCE2BD8863500E5C2A9 /* TopButtonView.swift */ = {isa = PBXFileReference; fileEncoding = 4; lastKnownFileType = sourcecode.swift; path = TopButtonView.swift; sourceTree = "<group>"; };
/* End PBXFileReference section */

/* Begin PBXFrameworksBuildPhase section */
		C98EFECE2BD88205008E17E8 /* Frameworks */ = {
			isa = PBXFrameworksBuildPhase;
			buildActionMask = 2147483647;
			files = (
			);
			runOnlyForDeploymentPostprocessing = 0;
		};
/* End PBXFrameworksBuildPhase section */

/* Begin PBXGroup section */
		C98EFEC82BD88205008E17E8 = {
			isa = PBXGroup;
			children = (
				C98EFED32BD88205008E17E8 /* Note */,
				C98EFED22BD88205008E17E8 /* Products */,
			);
			sourceTree = "<group>";
		};
		C98EFED22BD88205008E17E8 /* Products */ = {
			isa = PBXGroup;
			children = (
				C98EFED12BD88205008E17E8 /* Note.app */,
			);
			name = Products;
			sourceTree = "<group>";
		};
		C98EFED32BD88205008E17E8 /* Note */ = {
			isa = PBXGroup;
			children = (
				C9D32BCF2BD8863500E5C2A9 /* views */,
				C9D32BC82BD8863100E5C2A9 /* controllers */,
				C9D32BC42BD8862C00E5C2A9 /* data */,
				C98EFEDA2BD88207008E17E8 /* Assets.xcassets */,
				C98EFEF72BD883BB008E17E8 /* Helpers.swift */,
				C98EFEF82BD883BB008E17E8 /* Main.swift */,
				C98EFEDC2BD88207008E17E8 /* Preview Content */,
			);
			path = Note;
			sourceTree = "<group>";
		};
		C98EFEDC2BD88207008E17E8 /* Preview Content */ = {
			isa = PBXGroup;
			children = (
				C98EFEDD2BD88207008E17E8 /* Preview Assets.xcassets */,
			);
			path = "Preview Content";
			sourceTree = "<group>";
		};
		C9D32BC42BD8862C00E5C2A9 /* data */ = {
			isa = PBXGroup;
			children = (
				C9D32BC22BD8862C00E5C2A9 /* AppData.swift */,
				C9D32BC32BD8862C00E5C2A9 /* ViewData.swift */,
			);
			path = data;
			sourceTree = "<group>";
		};
		C9D32BC82BD8863100E5C2A9 /* controllers */ = {
			isa = PBXGroup;
			children = (
				C9D32BC72BD8863100E5C2A9 /* ViewDataController.swift */,
			);
			path = controllers;
			sourceTree = "<group>";
		};
		C9D32BCF2BD8863500E5C2A9 /* views */ = {
			isa = PBXGroup;
			children = (
				C973CF0E2BF728A300161E47 /* CanvasImageView.swift */,
				C9D32BCA2BD8863500E5C2A9 /* CanvasView.swift */,
				C9D32BCB2BD8863500E5C2A9 /* MainView.swift */,
				C9D32BCC2BD8863500E5C2A9 /* MenuButtonsView.swift */,
				C9D32BCE2BD8863500E5C2A9 /* TopButtonView.swift */,
			);
			name = views;
			path = Note/views;
			sourceTree = SOURCE_ROOT;
		};
/* End PBXGroup section */

/* Begin PBXNativeTarget section */
		C98EFED02BD88205008E17E8 /* Note */ = {
			isa = PBXNativeTarget;
			buildConfigurationList = C98EFEE12BD88207008E17E8 /* Build configuration list for PBXNativeTarget "Note" */;
			buildPhases = (
				C98EFECD2BD88205008E17E8 /* Sources */,
				C98EFECE2BD88205008E17E8 /* Frameworks */,
				C98EFECF2BD88205008E17E8 /* Resources */,
			);
			buildRules = (
			);
			dependencies = (
			);
			name = Note;
			productName = Note;
			productReference = C98EFED12BD88205008E17E8 /* Note.app */;
			productType = "com.apple.product-type.application";
		};
/* End PBXNativeTarget section */

/* Begin PBXProject section */
		C98EFEC92BD88205008E17E8 /* Project object */ = {
			isa = PBXProject;
			attributes = {
				BuildIndependentTargetsInParallel = 1;
				LastSwiftUpdateCheck = 1530;
				LastUpgradeCheck = 1530;
				TargetAttributes = {
					C98EFED02BD88205008E17E8 = {
						CreatedOnToolsVersion = 15.3;
						LastSwiftMigration = 1530;
					};
				};
			};
			buildConfigurationList = C98EFECC2BD88205008E17E8 /* Build configuration list for PBXProject "Note" */;
			compatibilityVersion = "Xcode 14.0";
			developmentRegion = en;
			hasScannedForEncodings = 0;
			knownRegions = (
				en,
				Base,
			);
			mainGroup = C98EFEC82BD88205008E17E8;
			productRefGroup = C98EFED22BD88205008E17E8 /* Products */;
			projectDirPath = "";
			projectRoot = "";
			targets = (
				C98EFED02BD88205008E17E8 /* Note */,
			);
		};
/* End PBXProject section */

/* Begin PBXResourcesBuildPhase section */
		C98EFECF2BD88205008E17E8 /* Resources */ = {
			isa = PBXResourcesBuildPhase;
			buildActionMask = 2147483647;
			files = (
				C98EFEDE2BD88207008E17E8 /* Preview Assets.xcassets in Resources */,
				C98EFEDB2BD88207008E17E8 /* Assets.xcassets in Resources */,
			);
			runOnlyForDeploymentPostprocessing = 0;
		};
/* End PBXResourcesBuildPhase section */

/* Begin PBXSourcesBuildPhase section */
		C98EFECD2BD88205008E17E8 /* Sources */ = {
			isa = PBXSourcesBuildPhase;
			buildActionMask = 2147483647;
			files = (
				C98EFEFB2BD883BC008E17E8 /* Main.swift in Sources */,
				C9D32BD12BD8863500E5C2A9 /* MainView.swift in Sources */,
				C9D32BC92BD8863100E5C2A9 /* ViewDataController.swift in Sources */,
				C9D32BD02BD8863500E5C2A9 /* CanvasView.swift in Sources */,
				C973CF0F2BF728A300161E47 /* CanvasImageView.swift in Sources */,
				C98EFEFA2BD883BC008E17E8 /* Helpers.swift in Sources */,
				C9D32BC62BD8862C00E5C2A9 /* ViewData.swift in Sources */,
				C9D32BC52BD8862C00E5C2A9 /* AppData.swift in Sources */,
				C9D32BD22BD8863500E5C2A9 /* MenuButtonsView.swift in Sources */,
				C9D32BD42BD8863500E5C2A9 /* TopButtonView.swift in Sources */,
			);
			runOnlyForDeploymentPostprocessing = 0;
		};
/* End PBXSourcesBuildPhase section */

/* Begin XCBuildConfiguration section */
		C98EFEDF2BD88207008E17E8 /* Debug */ = {
			isa = XCBuildConfiguration;
			buildSettings = {
				ALWAYS_SEARCH_USER_PATHS = NO;
				ASSETCATALOG_COMPILER_GENERATE_SWIFT_ASSET_SYMBOL_EXTENSIONS = YES;
				CLANG_ANALYZER_NONNULL = YES;
				CLANG_ANALYZER_NUMBER_OBJECT_CONVERSION = YES_AGGRESSIVE;
				CLANG_CXX_LANGUAGE_STANDARD = "gnu++20";
				CLANG_ENABLE_MODULES = YES;
				CLANG_ENABLE_OBJC_ARC = YES;
				CLANG_ENABLE_OBJC_WEAK = YES;
				CLANG_WARN_BLOCK_CAPTURE_AUTORELEASING = YES;
				CLANG_WARN_BOOL_CONVERSION = YES;
				CLANG_WARN_COMMA = YES;
				CLANG_WARN_CONSTANT_CONVERSION = YES;
				CLANG_WARN_DEPRECATED_OBJC_IMPLEMENTATIONS = YES;
				CLANG_WARN_DIRECT_OBJC_ISA_USAGE = YES_ERROR;
				CLANG_WARN_DOCUMENTATION_COMMENTS = YES;
				CLANG_WARN_EMPTY_BODY = YES;
				CLANG_WARN_ENUM_CONVERSION = YES;
				CLANG_WARN_INFINITE_RECURSION = YES;
				CLANG_WARN_INT_CONVERSION = YES;
				CLANG_WARN_NON_LITERAL_NULL_CONVERSION = YES;
				CLANG_WARN_OBJC_IMPLICIT_RETAIN_SELF = YES;
				CLANG_WARN_OBJC_LITERAL_CONVERSION = YES;
				CLANG_WARN_OBJC_ROOT_CLASS = YES_ERROR;
				CLANG_WARN_QUOTED_INCLUDE_IN_FRAMEWORK_HEADER = YES;
				CLANG_WARN_RANGE_LOOP_ANALYSIS = YES;
				CLANG_WARN_STRICT_PROTOTYPES = YES;
				CLANG_WARN_SUSPICIOUS_MOVE = YES;
				CLANG_WARN_UNGUARDED_AVAILABILITY = YES_AGGRESSIVE;
				CLANG_WARN_UNREACHABLE_CODE = YES;
				CLANG_WARN__DUPLICATE_METHOD_MATCH = YES;
				COPY_PHASE_STRIP = NO;
				DEBUG_INFORMATION_FORMAT = dwarf;
				ENABLE_STRICT_OBJC_MSGSEND = YES;
				ENABLE_TESTABILITY = YES;
				ENABLE_USER_SCRIPT_SANDBOXING = YES;
				GCC_C_LANGUAGE_STANDARD = gnu17;
				GCC_DYNAMIC_NO_PIC = NO;
				GCC_NO_COMMON_BLOCKS = YES;
				GCC_OPTIMIZATION_LEVEL = 0;
				GCC_PREPROCESSOR_DEFINITIONS = (
					"DEBUG=1",
					"$(inherited)",
				);
				GCC_WARN_64_TO_32_BIT_CONVERSION = YES;
				GCC_WARN_ABOUT_RETURN_TYPE = YES_ERROR;
				GCC_WARN_UNDECLARED_SELECTOR = YES;
				GCC_WARN_UNINITIALIZED_AUTOS = YES_AGGRESSIVE;
				GCC_WARN_UNUSED_FUNCTION = YES;
				GCC_WARN_UNUSED_VARIABLE = YES;
				IPHONEOS_DEPLOYMENT_TARGET = 17.4;
				LOCALIZATION_PREFERS_STRING_CATALOGS = YES;
				MTL_ENABLE_DEBUG_INFO = INCLUDE_SOURCE;
				MTL_FAST_MATH = YES;
				ONLY_ACTIVE_ARCH = YES;
				SDKROOT = iphoneos;
				SWIFT_ACTIVE_COMPILATION_CONDITIONS = "DEBUG $(inherited)";
				SWIFT_OPTIMIZATION_LEVEL = "-Onone";
			};
			name = Debug;
		};
		C98EFEE02BD88207008E17E8 /* Release */ = {
			isa = XCBuildConfiguration;
			buildSettings = {
				ALWAYS_SEARCH_USER_PATHS = NO;
				ASSETCATALOG_COMPILER_GENERATE_SWIFT_ASSET_SYMBOL_EXTENSIONS = YES;
				CLANG_ANALYZER_NONNULL = YES;
				CLANG_ANALYZER_NUMBER_OBJECT_CONVERSION = YES_AGGRESSIVE;
				CLANG_CXX_LANGUAGE_STANDARD = "gnu++20";
				CLANG_ENABLE_MODULES = YES;
				CLANG_ENABLE_OBJC_ARC = YES;
				CLANG_ENABLE_OBJC_WEAK = YES;
				CLANG_WARN_BLOCK_CAPTURE_AUTORELEASING = YES;
				CLANG_WARN_BOOL_CONVERSION = YES;
				CLANG_WARN_COMMA = YES;
				CLANG_WARN_CONSTANT_CONVERSION = YES;
				CLANG_WARN_DEPRECATED_OBJC_IMPLEMENTATIONS = YES;
				CLANG_WARN_DIRECT_OBJC_ISA_USAGE = YES_ERROR;
				CLANG_WARN_DOCUMENTATION_COMMENTS = YES;
				CLANG_WARN_EMPTY_BODY = YES;
				CLANG_WARN_ENUM_CONVERSION = YES;
				CLANG_WARN_INFINITE_RECURSION = YES;
				CLANG_WARN_INT_CONVERSION = YES;
				CLANG_WARN_NON_LITERAL_NULL_CONVERSION = YES;
				CLANG_WARN_OBJC_IMPLICIT_RETAIN_SELF = YES;
				CLANG_WARN_OBJC_LITERAL_CONVERSION = YES;
				CLANG_WARN_OBJC_ROOT_CLASS = YES_ERROR;
				CLANG_WARN_QUOTED_INCLUDE_IN_FRAMEWORK_HEADER = YES;
				CLANG_WARN_RANGE_LOOP_ANALYSIS = YES;
				CLANG_WARN_STRICT_PROTOTYPES = YES;
				CLANG_WARN_SUSPICIOUS_MOVE = YES;
				CLANG_WARN_UNGUARDED_AVAILABILITY = YES_AGGRESSIVE;
				CLANG_WARN_UNREACHABLE_CODE = YES;
				CLANG_WARN__DUPLICATE_METHOD_MATCH = YES;
				COPY_PHASE_STRIP = NO;
				DEBUG_INFORMATION_FORMAT = "dwarf-with-dsym";
				ENABLE_NS_ASSERTIONS = NO;
				ENABLE_STRICT_OBJC_MSGSEND = YES;
				ENABLE_USER_SCRIPT_SANDBOXING = YES;
				GCC_C_LANGUAGE_STANDARD = gnu17;
				GCC_NO_COMMON_BLOCKS = YES;
				GCC_WARN_64_TO_32_BIT_CONVERSION = YES;
				GCC_WARN_ABOUT_RETURN_TYPE = YES_ERROR;
				GCC_WARN_UNDECLARED_SELECTOR = YES;
				GCC_WARN_UNINITIALIZED_AUTOS = YES_AGGRESSIVE;
				GCC_WARN_UNUSED_FUNCTION = YES;
				GCC_WARN_UNUSED_VARIABLE = YES;
				IPHONEOS_DEPLOYMENT_TARGET = 17.4;
				LOCALIZATION_PREFERS_STRING_CATALOGS = YES;
				MTL_ENABLE_DEBUG_INFO = NO;
				MTL_FAST_MATH = YES;
				SDKROOT = iphoneos;
				SWIFT_COMPILATION_MODE = wholemodule;
				VALIDATE_PRODUCT = YES;
			};
			name = Release;
		};
		C98EFEE22BD88207008E17E8 /* Debug */ = {
			isa = XCBuildConfiguration;
			buildSettings = {
				ASSETCATALOG_COMPILER_APPICON_NAME = AppIcon;
				ASSETCATALOG_COMPILER_GLOBAL_ACCENT_COLOR_NAME = AccentColor;
				CLANG_ENABLE_MODULES = YES;
				CODE_SIGN_IDENTITY = "Apple Development";
				CODE_SIGN_STYLE = Automatic;
				CURRENT_PROJECT_VERSION = 15;
				DEVELOPMENT_ASSET_PATHS = "\"Note/Preview Content\"";
				DEVELOPMENT_TEAM = JQKWKZ3Y7L;
				ENABLE_PREVIEWS = YES;
				GENERATE_INFOPLIST_FILE = YES;
				INFOPLIST_KEY_CFBundleDisplayName = "Paw Note";
				INFOPLIST_KEY_LSApplicationCategoryType = "public.app-category.productivity";
				INFOPLIST_KEY_UIApplicationSceneManifest_Generation = YES;
				INFOPLIST_KEY_UIApplicationSupportsIndirectInputEvents = YES;
				INFOPLIST_KEY_UILaunchScreen_Generation = YES;
				INFOPLIST_KEY_UISupportedInterfaceOrientations_iPad = "UIInterfaceOrientationPortrait UIInterfaceOrientationPortraitUpsideDown UIInterfaceOrientationLandscapeLeft UIInterfaceOrientationLandscapeRight";
				INFOPLIST_KEY_UISupportedInterfaceOrientations_iPhone = "UIInterfaceOrientationPortrait UIInterfaceOrientationLandscapeLeft UIInterfaceOrientationLandscapeRight";
				LD_RUNPATH_SEARCH_PATHS = (
					"$(inherited)",
					"@executable_path/Frameworks",
				);
				MARKETING_VERSION = 1.1;
				PRODUCT_BUNDLE_IDENTIFIER = com.MathewPurchase.Note;
				PRODUCT_NAME = "$(TARGET_NAME)";
				PROVISIONING_PROFILE_SPECIFIER = "";
				SUPPORTED_PLATFORMS = "iphoneos iphonesimulator";
				SUPPORTS_MACCATALYST = NO;
				SUPPORTS_MAC_DESIGNED_FOR_IPHONE_IPAD = NO;
				SUPPORTS_XR_DESIGNED_FOR_IPHONE_IPAD = NO;
				SWIFT_EMIT_LOC_STRINGS = YES;
				SWIFT_OPTIMIZATION_LEVEL = "-Onone";
				SWIFT_VERSION = 5.0;
				TARGETED_DEVICE_FAMILY = 2;
			};
			name = Debug;
		};
		C98EFEE32BD88207008E17E8 /* Release */ = {
			isa = XCBuildConfiguration;
			buildSettings = {
				ASSETCATALOG_COMPILER_APPICON_NAME = AppIcon;
				ASSETCATALOG_COMPILER_GLOBAL_ACCENT_COLOR_NAME = AccentColor;
				CLANG_ENABLE_MODULES = YES;
				CODE_SIGN_IDENTITY = "Apple Development";
				CODE_SIGN_STYLE = Automatic;
				CURRENT_PROJECT_VERSION = 15;
				DEVELOPMENT_ASSET_PATHS = "\"Note/Preview Content\"";
				DEVELOPMENT_TEAM = JQKWKZ3Y7L;
				ENABLE_PREVIEWS = YES;
				GENERATE_INFOPLIST_FILE = YES;
				INFOPLIST_KEY_CFBundleDisplayName = "Paw Note";
				INFOPLIST_KEY_LSApplicationCategoryType = "public.app-category.productivity";
				INFOPLIST_KEY_UIApplicationSceneManifest_Generation = YES;
				INFOPLIST_KEY_UIApplicationSupportsIndirectInputEvents = YES;
				INFOPLIST_KEY_UILaunchScreen_Generation = YES;
				INFOPLIST_KEY_UISupportedInterfaceOrientations_iPad = "UIInterfaceOrientationPortrait UIInterfaceOrientationPortraitUpsideDown UIInterfaceOrientationLandscapeLeft UIInterfaceOrientationLandscapeRight";
				INFOPLIST_KEY_UISupportedInterfaceOrientations_iPhone = "UIInterfaceOrientationPortrait UIInterfaceOrientationLandscapeLeft UIInterfaceOrientationLandscapeRight";
				LD_RUNPATH_SEARCH_PATHS = (
					"$(inherited)",
					"@executable_path/Frameworks",
				);
				MARKETING_VERSION = 1.1;
				PRODUCT_BUNDLE_IDENTIFIER = com.MathewPurchase.Note;
				PRODUCT_NAME = "$(TARGET_NAME)";
				PROVISIONING_PROFILE_SPECIFIER = "";
				SUPPORTED_PLATFORMS = "iphoneos iphonesimulator";
				SUPPORTS_MACCATALYST = NO;
				SUPPORTS_MAC_DESIGNED_FOR_IPHONE_IPAD = NO;
				SUPPORTS_XR_DESIGNED_FOR_IPHONE_IPAD = NO;
				SWIFT_EMIT_LOC_STRINGS = YES;
				SWIFT_VERSION = 5.0;
				TARGETED_DEVICE_FAMILY = 2;
			};
			name = Release;
		};
/* End XCBuildConfiguration section */

/* Begin XCConfigurationList section */
		C98EFECC2BD88205008E17E8 /* Build configuration list for PBXProject "Note" */ = {
			isa = XCConfigurationList;
			buildConfigurations = (
				C98EFEDF2BD88207008E17E8 /* Debug */,
				C98EFEE02BD88207008E17E8 /* Release */,
			);
			defaultConfigurationIsVisible = 0;
			defaultConfigurationName = Release;
		};
		C98EFEE12BD88207008E17E8 /* Build configuration list for PBXNativeTarget "Note" */ = {
			isa = XCConfigurationList;
			buildConfigurations = (
				C98EFEE22BD88207008E17E8 /* Debug */,
				C98EFEE32BD88207008E17E8 /* Release */,
			);
			defaultConfigurationIsVisible = 0;
			defaultConfigurationName = Release;
		};
/* End XCConfigurationList section */
	};
	rootObject = C98EFEC92BD88205008E17E8 /* Project object */;
}
